
Microsoft Visual Studio Solution File, Format Version 12.00
Project("{FAE04EC0-301F-11D3-BF4B-00C04F79EFBC}") = "ZSZ.Service", "ZSZ.Service\ZSZ.Service.csproj", "{BE3336D0-4F66-456F-8918-7FE477B43B99}"
EndProject
Global
	GlobalSection(SolutionConfigurationPlatforms) = preSolution
		Debug|Any CPU = Debug|Any CPU
		Release|Any CPU = Release|Any CPU
	EndGlobalSection
	GlobalSection(ProjectConfigurationPlatforms) = postSolution
		{BE3336D0-4F66-456F-8918-7FE477B43B99}.Debug|Any CPU.ActiveCfg = Debug|Any CPU
		{BE3336D0-4F66-456F-8918-7FE477B43B99}.Debug|Any CPU.Build.0 = Debug|Any CPU
		{BE3336D0-4F66-456F-8918-7FE477B43B99}.Release|Any CPU.ActiveCfg = Release|Any CPU
		{BE3336D0-4F66-456F-8918-7FE477B43B99}.Release|Any CPU.Build.0 = Release|Any CPU
	EndGlobalSection
EndGlobal
